
Microsoft Visual Studio Solution File, Format Version 11.00
# Visual C# Express 2010
Project("{FAE04EC0-301F-11D3-BF4B-00C04F79EFBC}") = "CabiNet", "CabiNet\CabiNet.csproj", "{990269AC-5FA1-4FC6-8D07-29EE3FCCD23C}"
EndProject
Project("{FAE04EC0-301F-11D3-BF4B-00C04F79EFBC}") = "CabiNetGenerator", "CabiNetGenerator\CabiNetGenerator.csproj", "{B62CBC50-6609-4264-B86C-2040E7AD1B84}"
EndProject
Global
	GlobalSection(SolutionConfigurationPlatforms) = preSolution
		Debug|Any CPU = Debug|Any CPU
		Debug|Mixed Platforms = Debug|Mixed Platforms
		Debug|x86 = Debug|x86
		Release|Any CPU = Release|Any CPU
		Release|Mixed Platforms = Release|Mixed Platforms
		Release|x86 = Release|x86
	EndGlobalSection
	GlobalSection(ProjectConfigurationPlatforms) = postSolution
		{990269AC-5FA1-4FC6-8D07-29EE3FCCD23C}.Debug|Any CPU.ActiveCfg = Debug|Any CPU
		{990269AC-5FA1-4FC6-8D07-29EE3FCCD23C}.Debug|Any CPU.Build.0 = Debug|Any CPU
		{990269AC-5FA1-4FC6-8D07-29EE3FCCD23C}.Debug|Mixed Platforms.ActiveCfg = Debug|Any CPU
		{990269AC-5FA1-4FC6-8D07-29EE3FCCD23C}.Debug|Mixed Platforms.Build.0 = Debug|Any CPU
		{990269AC-5FA1-4FC6-8D07-29EE3FCCD23C}.Debug|x86.ActiveCfg = Debug|Any CPU
		{990269AC-5FA1-4FC6-8D07-29EE3FCCD23C}.Release|Any CPU.ActiveCfg = Release|Any CPU
		{990269AC-5FA1-4FC6-8D07-29EE3FCCD23C}.Release|Any CPU.Build.0 = Release|Any CPU
		{990269AC-5FA1-4FC6-8D07-29EE3FCCD23C}.Release|Mixed Platforms.ActiveCfg = Release|Any CPU
		{990269AC-5FA1-4FC6-8D07-29EE3FCCD23C}.Release|Mixed Platforms.Build.0 = Release|Any CPU
		{990269AC-5FA1-4FC6-8D07-29EE3FCCD23C}.Release|x86.ActiveCfg = Release|Any CPU
		{B62CBC50-6609-4264-B86C-2040E7AD1B84}.Debug|Any CPU.ActiveCfg = Debug|x86
		{B62CBC50-6609-4264-B86C-2040E7AD1B84}.Debug|Mixed Platforms.ActiveCfg = Debug|x86
		{B62CBC50-6609-4264-B86C-2040E7AD1B84}.Debug|Mixed Platforms.Build.0 = Debug|x86
		{B62CBC50-6609-4264-B86C-2040E7AD1B84}.Debug|x86.ActiveCfg = Debug|x86
		{B62CBC50-6609-4264-B86C-2040E7AD1B84}.Debug|x86.Build.0 = Debug|x86
		{B62CBC50-6609-4264-B86C-2040E7AD1B84}.Release|Any CPU.ActiveCfg = Release|x86
		{B62CBC50-6609-4264-B86C-2040E7AD1B84}.Release|Mixed Platforms.ActiveCfg = Release|x86
		{B62CBC50-6609-4264-B86C-2040E7AD1B84}.Release|Mixed Platforms.Build.0 = Release|x86
		{B62CBC50-6609-4264-B86C-2040E7AD1B84}.Release|x86.ActiveCfg = Release|x86
		{B62CBC50-6609-4264-B86C-2040E7AD1B84}.Release|x86.Build.0 = Release|x86
	EndGlobalSection
	GlobalSection(SolutionProperties) = preSolution
		HideSolutionNode = FALSE
	EndGlobalSection
EndGlobal
